{
    "_readme": [
        "This file locks the dependencies of your project to a known state",
        "Read more about it at http://getcomposer.org/doc/01-basic-usage.md#composer-lock-the-lock-file"
    ],
    "hash": "8f840e625a9ee910b1ff296bff4ddc1c",
    "packages": [
        {
            "name": "sonata-project/exporter",
            "version": "dev-master",
            "source": {
                "type": "git",
                "url": "https://github.com/sonata-project/exporter.git",
                "reference": "91fc006ccdc5412b0c800d9a8dd39ce11882719c"
            },
            "dist": {
                "type": "zip",
                "url": "https://api.github.com/repos/sonata-project/exporter/zipball/91fc006ccdc5412b0c800d9a8dd39ce11882719c",
                "reference": "91fc006ccdc5412b0c800d9a8dd39ce11882719c",
                "shasum": ""
            },
            "require": {
                "php": ">=5.3.0"
            },
            "require-dev": {
                "propel/propel1": "~1.6",
                "symfony/property-access": "~2.2",
                "symfony/routing": "*"
            },
            "suggest": {
                "ext-curl": "*",
                "propel/propel1": "~1.6",
                "symfony/property-access": "~2.2",
                "symfony/routing": "*"
            },
            "type": "library",
            "autoload": {
                "psr-0": {
                    "Exporter": "lib/"
                }
            },
            "notification-url": "https://packagist.org/downloads/",
            "license": [
                "MIT"
            ],
            "authors": [
                {
                    "name": "Thomas Rabaix",
                    "email": "thomas.rabaix@gmail.com",
                    "homepage": "http://sonata-project.org/"
                }
            ],
            "description": "Lightweight Exporter library",
            "homepage": "https://github.com/sonata-project/Exporter",
            "keywords": [
                "client",
                "csv",
                "data",
                "export",
                "xls"
            ],
            "time": "2013-12-17 09:28:26"
        }
    ],
    "packages-dev": [

    ],
    "aliases": [

    ],
    "minimum-stability": "dev",
    "stability-flags": {
        "sonata-project/exporter": 20
    },
    "platform": {
        "php": ">=5.3.0"
    },
    "platform-dev": [

    ]
}
